
Microsoft Visual Studio Solution File, Format Version 10.00
# Visual Studio 2008
Project("{FAE04EC0-301F-11D3-BF4B-00C04F79EFBC}") = "WahooV2", "WahooV2\WahooV2.csproj", "{14E0B415-79D8-4A3E-8B4F-F791E0B0E089}"
EndProject
Project("{FAE04EC0-301F-11D3-BF4B-00C04F79EFBC}") = "WahooData", "WahooData\WahooData.csproj", "{63F0C468-77DB-437C-8982-FD961A4F564B}"
EndProject
Project("{FAE04EC0-301F-11D3-BF4B-00C04F79EFBC}") = "WahooConfiguration", "WahooConfiguration\WahooConfiguration.csproj", "{8EC8DB4D-2E5B-4727-9C60-37B9AF4CFDE3}"
EndProject
Project("{FAE04EC0-301F-11D3-BF4B-00C04F79EFBC}") = "WahooCommon", "WahooCommon\WahooCommon.csproj", "{B3F04200-DF60-4300-8E3F-2E95AC8004E0}"
EndProject
Project("{FAE04EC0-301F-11D3-BF4B-00C04F79EFBC}") = "WpfWahoo", "WpfWahoo\WpfWahoo.csproj", "{2058888C-1192-45A1-AC9D-F81988142933}"
EndProject
Project("{E24C65DC-7377-472B-9ABA-BC803B73C61A}") = "WahooWebService", "WahooWebService", "{86443B0E-9F8D-46E9-BC10-85A1A490DDB6}"
	ProjectSection(WebsiteProperties) = preProject
		SccProjectName = ""
		SccAuxPath = ""
		SccLocalPath = ""
		SccProvider = ""
		TargetFramework = "3.5"
		Debug.AspNetCompiler.VirtualPath = "/WahooWebService"
		Debug.AspNetCompiler.PhysicalPath = "WahooWebService\"
		Debug.AspNetCompiler.TargetPath = "PrecompiledWeb\WahooWebService\"
		Debug.AspNetCompiler.Updateable = "true"
		Debug.AspNetCompiler.ForceOverwrite = "true"
		Debug.AspNetCompiler.FixedNames = "false"
		Debug.AspNetCompiler.Debug = "True"
		Release.AspNetCompiler.VirtualPath = "/WahooWebService"
		Release.AspNetCompiler.PhysicalPath = "WahooWebService\"
		Release.AspNetCompiler.TargetPath = "PrecompiledWeb\WahooWebService\"
		Release.AspNetCompiler.Updateable = "true"
		Release.AspNetCompiler.ForceOverwrite = "true"
		Release.AspNetCompiler.FixedNames = "false"
		Release.AspNetCompiler.Debug = "False"
		VWDPort = "51095"
		DefaultWebSiteLanguage = "Visual C#"
	EndProjectSection
EndProject
Project("{FAE04EC0-301F-11D3-BF4B-00C04F79EFBC}") = "WahooServiceControl", "WahooServiceControl\WahooServiceControl.csproj", "{D235B575-116D-4918-BA88-28C8459F00CC}"
EndProject
Global
	GlobalSection(SolutionConfigurationPlatforms) = preSolution
		Debug|Any CPU = Debug|Any CPU
		Release|Any CPU = Release|Any CPU
	EndGlobalSection
	GlobalSection(ProjectConfigurationPlatforms) = postSolution
		{14E0B415-79D8-4A3E-8B4F-F791E0B0E089}.Debug|Any CPU.ActiveCfg = Debug|Any CPU
		{14E0B415-79D8-4A3E-8B4F-F791E0B0E089}.Debug|Any CPU.Build.0 = Debug|Any CPU
		{14E0B415-79D8-4A3E-8B4F-F791E0B0E089}.Release|Any CPU.ActiveCfg = Release|Any CPU
		{14E0B415-79D8-4A3E-8B4F-F791E0B0E089}.Release|Any CPU.Build.0 = Release|Any CPU
		{63F0C468-77DB-437C-8982-FD961A4F564B}.Debug|Any CPU.ActiveCfg = Debug|Any CPU
		{63F0C468-77DB-437C-8982-FD961A4F564B}.Debug|Any CPU.Build.0 = Debug|Any CPU
		{63F0C468-77DB-437C-8982-FD961A4F564B}.Release|Any CPU.ActiveCfg = Release|Any CPU
		{63F0C468-77DB-437C-8982-FD961A4F564B}.Release|Any CPU.Build.0 = Release|Any CPU
		{8EC8DB4D-2E5B-4727-9C60-37B9AF4CFDE3}.Debug|Any CPU.ActiveCfg = Debug|Any CPU
		{8EC8DB4D-2E5B-4727-9C60-37B9AF4CFDE3}.Debug|Any CPU.Build.0 = Debug|Any CPU
		{8EC8DB4D-2E5B-4727-9C60-37B9AF4CFDE3}.Release|Any CPU.ActiveCfg = Release|Any CPU
		{8EC8DB4D-2E5B-4727-9C60-37B9AF4CFDE3}.Release|Any CPU.Build.0 = Release|Any CPU
		{B3F04200-DF60-4300-8E3F-2E95AC8004E0}.Debug|Any CPU.ActiveCfg = Debug|Any CPU
		{B3F04200-DF60-4300-8E3F-2E95AC8004E0}.Debug|Any CPU.Build.0 = Debug|Any CPU
		{B3F04200-DF60-4300-8E3F-2E95AC8004E0}.Release|Any CPU.ActiveCfg = Release|Any CPU
		{B3F04200-DF60-4300-8E3F-2E95AC8004E0}.Release|Any CPU.Build.0 = Release|Any CPU
		{2058888C-1192-45A1-AC9D-F81988142933}.Debug|Any CPU.ActiveCfg = Debug|Any CPU
		{2058888C-1192-45A1-AC9D-F81988142933}.Debug|Any CPU.Build.0 = Debug|Any CPU
		{2058888C-1192-45A1-AC9D-F81988142933}.Release|Any CPU.ActiveCfg = Release|Any CPU
		{2058888C-1192-45A1-AC9D-F81988142933}.Release|Any CPU.Build.0 = Release|Any CPU
		{86443B0E-9F8D-46E9-BC10-85A1A490DDB6}.Debug|Any CPU.ActiveCfg = Debug|Any CPU
		{86443B0E-9F8D-46E9-BC10-85A1A490DDB6}.Debug|Any CPU.Build.0 = Debug|Any CPU
		{86443B0E-9F8D-46E9-BC10-85A1A490DDB6}.Release|Any CPU.ActiveCfg = Debug|Any CPU
		{86443B0E-9F8D-46E9-BC10-85A1A490DDB6}.Release|Any CPU.Build.0 = Debug|Any CPU
		{D235B575-116D-4918-BA88-28C8459F00CC}.Debug|Any CPU.ActiveCfg = Debug|Any CPU
		{D235B575-116D-4918-BA88-28C8459F00CC}.Debug|Any CPU.Build.0 = Debug|Any CPU
		{D235B575-116D-4918-BA88-28C8459F00CC}.Release|Any CPU.ActiveCfg = Release|Any CPU
		{D235B575-116D-4918-BA88-28C8459F00CC}.Release|Any CPU.Build.0 = Release|Any CPU
	EndGlobalSection
	GlobalSection(SolutionProperties) = preSolution
		HideSolutionNode = FALSE
	EndGlobalSection
EndGlobal
